
Microsoft Visual Studio Solution File, Format Version 12.00
# Visual Studio Version 17
VisualStudioVersion = 17.4.33213.308
MinimumVisualStudioVersion = 10.0.40219.1
Project("{FAE04EC0-301F-11D3-BF4B-00C04F79EFBC}") = "RazorPagesMovie", "RazorPagesMovie.csproj", "{F2A9A37A-407B-497B-A9D5-BB7B1C4E8F8E}"
EndProject
Global
	GlobalSection(SolutionConfigurationPlatforms) = preSolution
		Debug|Any CPU = Debug|Any CPU
		Release|Any CPU = Release|Any CPU
	EndGlobalSection
	GlobalSection(ProjectConfigurationPlatforms) = postSolution
		{F2A9A37A-407B-497B-A9D5-BB7B1C4E8F8E}.Debug|Any CPU.ActiveCfg = Debug|Any CPU
		{F2A9A37A-407B-497B-A9D5-BB7B1C4E8F8E}.Debug|Any CPU.Build.0 = Debug|Any CPU
		{F2A9A37A-407B-497B-A9D5-BB7B1C4E8F8E}.Release|Any CPU.ActiveCfg = Release|Any CPU
		{F2A9A37A-407B-497B-A9D5-BB7B1C4E8F8E}.Release|Any CPU.Build.0 = Release|Any CPU
	EndGlobalSection
	GlobalSection(SolutionProperties) = preSolution
		HideSolutionNode = FALSE
	EndGlobalSection
	GlobalSection(ExtensibilityGlobals) = postSolution
		SolutionGuid = {24D8C5DA-34ED-438D-B078-7B65C3C76E92}
	EndGlobalSection
EndGlobal
